
Microsoft Visual Studio Solution File, Format Version 12.00
# Visual Studio Version 17
VisualStudioVersion = 17.6.33801.468
MinimumVisualStudioVersion = 10.0.40219.1
Project("{FAE04EC0-301F-11D3-BF4B-00C04F79EFBC}") = "Usages", "Usages\Usages.csproj", "{0DC2540A-B04E-4463-A338-AEDE1B5F47E7}"
EndProject
Global
	GlobalSection(SolutionConfigurationPlatforms) = preSolution
		Debug|Any CPU = Debug|Any CPU
		Release|Any CPU = Release|Any CPU
	EndGlobalSection
	GlobalSection(ProjectConfigurationPlatforms) = postSolution
		{0DC2540A-B04E-4463-A338-AEDE1B5F47E7}.Debug|Any CPU.ActiveCfg = Debug|Any CPU
		{0DC2540A-B04E-4463-A338-AEDE1B5F47E7}.Debug|Any CPU.Build.0 = Debug|Any CPU
		{0DC2540A-B04E-4463-A338-AEDE1B5F47E7}.Release|Any CPU.ActiveCfg = Release|Any CPU
		{0DC2540A-B04E-4463-A338-AEDE1B5F47E7}.Release|Any CPU.Build.0 = Release|Any CPU
	EndGlobalSection
	GlobalSection(SolutionProperties) = preSolution
		HideSolutionNode = FALSE
	EndGlobalSection
	GlobalSection(ExtensibilityGlobals) = postSolution
		SolutionGuid = {F199F02C-EA10-49FE-94B3-5839D8F2C4BA}
	EndGlobalSection
EndGlobal
