
Microsoft Visual Studio Solution File, Format Version 12.00
# Visual Studio Version 17
VisualStudioVersion = 17.6.33801.468
MinimumVisualStudioVersion = 10.0.40219.1
Project("{FAE04EC0-301F-11D3-BF4B-00C04F79EFBC}") = "int_variables_practice", "int_variables_practice\int_variables_practice.csproj", "{92082747-9B06-46A7-9EAE-9A93BF90579E}"
EndProject
Global
	GlobalSection(SolutionConfigurationPlatforms) = preSolution
		Debug|Any CPU = Debug|Any CPU
		Release|Any CPU = Release|Any CPU
	EndGlobalSection
	GlobalSection(ProjectConfigurationPlatforms) = postSolution
		{92082747-9B06-46A7-9EAE-9A93BF90579E}.Debug|Any CPU.ActiveCfg = Debug|Any CPU
		{92082747-9B06-46A7-9EAE-9A93BF90579E}.Debug|Any CPU.Build.0 = Debug|Any CPU
		{92082747-9B06-46A7-9EAE-9A93BF90579E}.Release|Any CPU.ActiveCfg = Release|Any CPU
		{92082747-9B06-46A7-9EAE-9A93BF90579E}.Release|Any CPU.Build.0 = Release|Any CPU
	EndGlobalSection
	GlobalSection(SolutionProperties) = preSolution
		HideSolutionNode = FALSE
	EndGlobalSection
	GlobalSection(ExtensibilityGlobals) = postSolution
		SolutionGuid = {B3A0DA9D-31C8-4087-BC10-B1498CB2D68D}
	EndGlobalSection
EndGlobal
