
Microsoft Visual Studio Solution File, Format Version 12.00
# Visual Studio Version 17
VisualStudioVersion = 17.6.33801.468
MinimumVisualStudioVersion = 10.0.40219.1
Project("{FAE04EC0-301F-11D3-BF4B-00C04F79EFBC}") = "Personal-Informations", "Personal-Informations\Personal-Informations.csproj", "{4A68CAB4-0EED-49D0-9B05-561B2FAFA4AF}"
EndProject
Global
	GlobalSection(SolutionConfigurationPlatforms) = preSolution
		Debug|Any CPU = Debug|Any CPU
		Release|Any CPU = Release|Any CPU
	EndGlobalSection
	GlobalSection(ProjectConfigurationPlatforms) = postSolution
		{4A68CAB4-0EED-49D0-9B05-561B2FAFA4AF}.Debug|Any CPU.ActiveCfg = Debug|Any CPU
		{4A68CAB4-0EED-49D0-9B05-561B2FAFA4AF}.Debug|Any CPU.Build.0 = Debug|Any CPU
		{4A68CAB4-0EED-49D0-9B05-561B2FAFA4AF}.Release|Any CPU.ActiveCfg = Release|Any CPU
		{4A68CAB4-0EED-49D0-9B05-561B2FAFA4AF}.Release|Any CPU.Build.0 = Release|Any CPU
	EndGlobalSection
	GlobalSection(SolutionProperties) = preSolution
		HideSolutionNode = FALSE
	EndGlobalSection
	GlobalSection(ExtensibilityGlobals) = postSolution
		SolutionGuid = {E16E9DDC-7518-4BCA-916D-6427E1A8B3A4}
	EndGlobalSection
EndGlobal
